Microsoft Visual Studio Solution File, Format Version 12.00
# Visual Studio Version 17
VisualStudioVersion = 17.0.31903.59
MinimumVisualStudioVersion = 10.0.40219.1
Project("{FAE04EC0-301F-11D3-BF4B-00C04F79EFBC}") = "fa", "fa\fa.csproj", "{D711082C-088A-4843-B6FB-24979B972C18}"
EndProject
Project("{FAE04EC0-301F-11D3-BF4B-00C04F79EFBC}") = "fa.Tests", "fa.Tests\fa.Tests.csproj", "{B8EABEC4-F732-4729-8AA5-439719780FA6}"
EndProject
Global
	GlobalSection(SolutionConfigurationPlatforms) = preSolution
		Debug|Any CPU = Debug|Any CPU
		Release|Any CPU = Release|Any CPU
	EndGlobalSection
	GlobalSection(SolutionProperties) = preSolution
		HideSolutionNode = FALSE
	EndGlobalSection
	GlobalSection(ProjectConfigurationPlatforms) = postSolution
		{780F2E9D-7E29-426F-AACA-CCC67EF7213A}.Debug|Any CPU.ActiveCfg = Debug|Any CPU
		{780F2E9D-7E29-426F-AACA-CCC67EF7213A}.Debug|Any CPU.Build.0 = Debug|Any CPU
		{780F2E9D-7E29-426F-AACA-CCC67EF7213A}.Release|Any CPU.ActiveCfg = Release|Any CPU
		{780F2E9D-7E29-426F-AACA-CCC67EF7213A}.Release|Any CPU.Build.0 = Release|Any CPU
		{B620844D-B894-45B8-97A3-E61108355338}.Debug|Any CPU.ActiveCfg = Debug|Any CPU
		{B620844D-B894-45B8-97A3-E61108355338}.Debug|Any CPU.Build.0 = Debug|Any CPU
		{B620844D-B894-45B8-97A3-E61108355338}.Release|Any CPU.ActiveCfg = Release|Any CPU
		{B620844D-B894-45B8-97A3-E61108355338}.Release|Any CPU.Build.0 = Release|Any CPU
	EndGlobalSection
EndGlobal
